// !$*UTF8*$!
{
	archiveVersion = 1;
	classes = {
	};
	objectVersion = 50;
	objects = {

/* Begin PBXBuildFile section */
		D273383C235D21D8007877F4 /* ReminderListViewController.swift in Sources */ = {isa = PBXBuildFile; fileRef = D273383B235D21D8007877F4 /* ReminderListViewController.swift */; };
		D2733840235F9A28007877F4 /* FormViewController.swift in Sources */ = {isa = PBXBuildFile; fileRef = D273383F235F9A28007877F4 /* FormViewController.swift */; };
		D2D602DA23566DDA0021488F /* AppDelegate.swift in Sources */ = {isa = PBXBuildFile; fileRef = D2D602D923566DDA0021488F /* AppDelegate.swift */; };
		D2D602DC23566DDA0021488F /* SceneDelegate.swift in Sources */ = {isa = PBXBuildFile; fileRef = D2D602DB23566DDA0021488F /* SceneDelegate.swift */; };
		D2D602E123566DDA0021488F /* Main.storyboard in Resources */ = {isa = PBXBuildFile; fileRef = D2D602DF23566DDA0021488F /* Main.storyboard */; };
		D2D602E423566DDA0021488F /* NotificationApp.xcdatamodeld in Sources */ = {isa = PBXBuildFile; fileRef = D2D602E223566DDA0021488F /* NotificationApp.xcdatamodeld */; };
		D2D602E623566DE00021488F /* Assets.xcassets in Resources */ = {isa = PBXBuildFile; fileRef = D2D602E523566DE00021488F /* Assets.xcassets */; };
		D2D602E923566DE00021488F /* LaunchScreen.storyboard in Resources */ = {isa = PBXBuildFile; fileRef = D2D602E723566DE00021488F /* LaunchScreen.storyboard */; };
/* End PBXBuildFile section */

/* Begin PBXFileReference section */
		D273383B235D21D8007877F4 /* ReminderListViewController.swift */ = {isa = PBXFileReference; lastKnownFileType = sourcecode.swift; path = ReminderListViewController.swift; sourceTree = "<group>"; };
		D273383F235F9A28007877F4 /* FormViewController.swift */ = {isa = PBXFileReference; lastKnownFileType = sourcecode.swift; path = FormViewController.swift; sourceTree = "<group>"; };
		D2D602D623566DDA0021488F /* NotificationApp.app */ = {isa = PBXFileReference; explicitFileType = wrapper.application; includeInIndex = 0; path = NotificationApp.app; sourceTree = BUILT_PRODUCTS_DIR; };
		D2D602D923566DDA0021488F /* AppDelegate.swift */ = {isa = PBXFileReference; lastKnownFileType = sourcecode.swift; path = AppDelegate.swift; sourceTree = "<group>"; };
		D2D602DB23566DDA0021488F /* SceneDelegate.swift */ = {isa = PBXFileReference; lastKnownFileType = sourcecode.swift; path = SceneDelegate.swift; sourceTree = "<group>"; };
		D2D602E023566DDA0021488F /* Base */ = {isa = PBXFileReference; lastKnownFileType = file.storyboard; name = Base; path = Base.lproj/Main.storyboard; sourceTree = "<group>"; };
		D2D602E323566DDA0021488F /* NotificationApp.xcdatamodel */ = {isa = PBXFileReference; lastKnownFileType = wrapper.xcdatamodel; path = NotificationApp.xcdatamodel; sourceTree = "<group>"; };
		D2D602E523566DE00021488F /* Assets.xcassets */ = {isa = PBXFileReference; lastKnownFileType = folder.assetcatalog; path = Assets.xcassets; sourceTree = "<group>"; };
		D2D602E823566DE00021488F /* Base */ = {isa = PBXFileReference; lastKnownFileType = file.storyboard; name = Base; path = Base.lproj/LaunchScreen.storyboard; sourceTree = "<group>"; };
		D2D602EA23566DE00021488F /* Info.plist */ = {isa = PBXFileReference; lastKnownFileType = text.plist.xml; path = Info.plist; sourceTree = "<group>"; };
/* End PBXFileReference section */

/* Begin PBXFrameworksBuildPhase section */
		D2D602D323566DDA0021488F /* Frameworks */ = {
			isa = PBXFrameworksBuildPhase;
			buildActionMask = 2147483647;
			files = (
			);
			runOnlyForDeploymentPostprocessing = 0;
		};
/* End PBXFrameworksBuildPhase section */

/* Begin PBXGroup section */
		D2733838235D2056007877F4 /* SupportFile */ = {
			isa = PBXGroup;
			children = (
				D2D602DB23566DDA0021488F /* SceneDelegate.swift */,
				D2D602E523566DE00021488F /* Assets.xcassets */,
			);
			path = SupportFile;
			sourceTree = "<group>";
		};
		D2D602CD23566DDA0021488F = {
			isa = PBXGroup;
			children = (
				D2D602D823566DDA0021488F /* NotificationApp */,
				D2D602D723566DDA0021488F /* Products */,
			);
			sourceTree = "<group>";
		};
		D2D602D723566DDA0021488F /* Products */ = {
			isa = PBXGroup;
			children = (
				D2D602D623566DDA0021488F /* NotificationApp.app */,
			);
			name = Products;
			sourceTree = "<group>";
		};
		D2D602D823566DDA0021488F /* NotificationApp */ = {
			isa = PBXGroup;
			children = (
				D2D602D923566DDA0021488F /* AppDelegate.swift */,
				D273383B235D21D8007877F4 /* ReminderListViewController.swift */,
				D2D602DF23566DDA0021488F /* Main.storyboard */,
				D273383F235F9A28007877F4 /* FormViewController.swift */,
				D2D602E223566DDA0021488F /* NotificationApp.xcdatamodeld */,
				D2D602E723566DE00021488F /* LaunchScreen.storyboard */,
				D2D602EA23566DE00021488F /* Info.plist */,
				D2733838235D2056007877F4 /* SupportFile */,
			);
			path = NotificationApp;
			sourceTree = "<group>";
		};
/* End PBXGroup section */

/* Begin PBXNativeTarget section */
		D2D602D523566DDA0021488F /* NotificationApp */ = {
			isa = PBXNativeTarget;
			buildConfigurationList = D2D602ED23566DE00021488F /* Build configuration list for PBXNativeTarget "NotificationApp" */;
			buildPhases = (
				D2D602D223566DDA0021488F /* Sources */,
				D2D602D323566DDA0021488F /* Frameworks */,
				D2D602D423566DDA0021488F /* Resources */,
			);
			buildRules = (
			);
			dependencies = (
			);
			name = NotificationApp;
			productName = NotificationApp;
			productReference = D2D602D623566DDA0021488F /* NotificationApp.app */;
			productType = "com.apple.product-type.application";
		};
/* End PBXNativeTarget section */

/* Begin PBXProject section */
		D2D602CE23566DDA0021488F /* Project object */ = {
			isa = PBXProject;
			attributes = {
				LastSwiftUpdateCheck = 1110;
				LastUpgradeCheck = 1110;
				ORGANIZATIONNAME = "Yun Lu";
				TargetAttributes = {
					D2D602D523566DDA0021488F = {
						CreatedOnToolsVersion = 11.1;
					};
				};
			};
			buildConfigurationList = D2D602D123566DDA0021488F /* Build configuration list for PBXProject "NotificationApp" */;
			compatibilityVersion = "Xcode 9.3";
			developmentRegion = en;
			hasScannedForEncodings = 0;
			knownRegions = (
				en,
				Base,
			);
			mainGroup = D2D602CD23566DDA0021488F;
			productRefGroup = D2D602D723566DDA0021488F /* Products */;
			projectDirPath = "";
			projectRoot = "";
			targets = (
				D2D602D523566DDA0021488F /* NotificationApp */,
			);
		};
/* End PBXProject section */

/* Begin PBXResourcesBuildPhase section */
		D2D602D423566DDA0021488F /* Resources */ = {
			isa = PBXResourcesBuildPhase;
			buildActionMask = 2147483647;
			files = (
				D2D602E923566DE00021488F /* LaunchScreen.storyboard in Resources */,
				D2D602E623566DE00021488F /* Assets.xcassets in Resources */,
				D2D602E123566DDA0021488F /* Main.storyboard in Resources */,
			);
			runOnlyForDeploymentPostprocessing = 0;
		};
/* End PBXResourcesBuildPhase section */

/* Begin PBXSourcesBuildPhase section */
		D2D602D223566DDA0021488F /* Sources */ = {
			isa = PBXSourcesBuildPhase;
			buildActionMask = 2147483647;
			files = (
				D2D602E423566DDA0021488F /* NotificationApp.xcdatamodeld in Sources */,
				D2D602DA23566DDA0021488F /* AppDelegate.swift in Sources */,
				D2733840235F9A28007877F4 /* FormViewController.swift in Sources */,
				D2D602DC23566DDA0021488F /* SceneDelegate.swift in Sources */,
				D273383C235D21D8007877F4 /* ReminderListViewController.swift in Sources */,
			);
			runOnlyForDeploymentPostprocessing = 0;
		};
/* End PBXSourcesBuildPhase section */

/* Begin PBXVariantGroup section */
		D2D602DF23566DDA0021488F /* Main.storyboard */ = {
			isa = PBXVariantGroup;
			children = (
				D2D602E023566DDA0021488F /* Base */,
			);
			name = Main.storyboard;
			sourceTree = "<group>";
		};
		D2D602E723566DE00021488F /* LaunchScreen.storyboard */ = {
			isa = PBXVariantGroup;
			children = (
				D2D602E823566DE00021488F /* Base */,
			);
			name = LaunchScreen.storyboard;
			sourceTree = "<group>";
		};
/* End PBXVariantGroup section */

/* Begin XCBuildConfiguration section */
		D2D602EB23566DE00021488F /* Debug */ = {
			isa = XCBuildConfiguration;
			buildSettings = {
				ALWAYS_SEARCH_USER_PATHS = NO;
				CLANG_ANALYZER_NONNULL = YES;
				CLANG_ANALYZER_NUMBER_OBJECT_CONVERSION = YES_AGGRESSIVE;
				CLANG_CXX_LANGUAGE_STANDARD = "gnu++14";
				CLANG_CXX_LIBRARY = "libc++";
				CLANG_ENABLE_MODULES = YES;
				CLANG_ENABLE_OBJC_ARC = YES;
				CLANG_ENABLE_OBJC_WEAK = YES;
				CLANG_WARN_BLOCK_CAPTURE_AUTORELEASING = YES;
				CLANG_WARN_BOOL_CONVERSION = YES;
				CLANG_WARN_COMMA = YES;
				CLANG_WARN_CONSTANT_CONVERSION = YES;
				CLANG_WARN_DEPRECATED_OBJC_IMPLEMENTATIONS = YES;
				CLANG_WARN_DIRECT_OBJC_ISA_USAGE = YES_ERROR;
				CLANG_WARN_DOCUMENTATION_COMMENTS = YES;
				CLANG_WARN_EMPTY_BODY = YES;
				CLANG_WARN_ENUM_CONVERSION = YES;
				CLANG_WARN_INFINITE_RECURSION = YES;
				CLANG_WARN_INT_CONVERSION = YES;
				CLANG_WARN_NON_LITERAL_NULL_CONVERSION = YES;
				CLANG_WARN_OBJC_IMPLICIT_RETAIN_SELF = YES;
				CLANG_WARN_OBJC_LITERAL_CONVERSION = YES;
				CLANG_WARN_OBJC_ROOT_CLASS = YES_ERROR;
				CLANG_WARN_RANGE_LOOP_ANALYSIS = YES;
				CLANG_WARN_STRICT_PROTOTYPES = YES;
				CLANG_WARN_SUSPICIOUS_MOVE = YES;
				CLANG_WARN_UNGUARDED_AVAILABILITY = YES_AGGRESSIVE;
				CLANG_WARN_UNREACHABLE_CODE = YES;
				CLANG_WARN__DUPLICATE_METHOD_MATCH = YES;
				COPY_PHASE_STRIP = NO;
				DEBUG_INFORMATION_FORMAT = dwarf;
				ENABLE_STRICT_OBJC_MSGSEND = YES;
				ENABLE_TESTABILITY = YES;
				GCC_C_LANGUAGE_STANDARD = gnu11;
				GCC_DYNAMIC_NO_PIC = NO;
				GCC_NO_COMMON_BLOCKS = YES;
				GCC_OPTIMIZATION_LEVEL = 0;
				GCC_PREPROCESSOR_DEFINITIONS = (
					"DEBUG=1",
					"$(inherited)",
				);
				GCC_WARN_64_TO_32_BIT_CONVERSION = YES;
				GCC_WARN_ABOUT_RETURN_TYPE = YES_ERROR;
				GCC_WARN_UNDECLARED_SELECTOR = YES;
				GCC_WARN_UNINITIALIZED_AUTOS = YES_AGGRESSIVE;
				GCC_WARN_UNUSED_FUNCTION = YES;
				GCC_WARN_UNUSED_VARIABLE = YES;
				IPHONEOS_DEPLOYMENT_TARGET = 13.1;
				MTL_ENABLE_DEBUG_INFO = INCLUDE_SOURCE;
				MTL_FAST_MATH = YES;
				ONLY_ACTIVE_ARCH = YES;
				SDKROOT = iphoneos;
				SWIFT_ACTIVE_COMPILATION_CONDITIONS = DEBUG;
				SWIFT_OPTIMIZATION_LEVEL = "-Onone";
			};
			name = Debug;
		};
		D2D602EC23566DE00021488F /* Release */ = {
			isa = XCBuildConfiguration;
			buildSettings = {
				ALWAYS_SEARCH_USER_PATHS = NO;
				CLANG_ANALYZER_NONNULL = YES;
				CLANG_ANALYZER_NUMBER_OBJECT_CONVERSION = YES_AGGRESSIVE;
				CLANG_CXX_LANGUAGE_STANDARD = "gnu++14";
				CLANG_CXX_LIBRARY = "libc++";
				CLANG_ENABLE_MODULES = YES;
				CLANG_ENABLE_OBJC_ARC = YES;
				CLANG_ENABLE_OBJC_WEAK = YES;
				CLANG_WARN_BLOCK_CAPTURE_AUTORELEASING = YES;
				CLANG_WARN_BOOL_CONVERSION = YES;
				CLANG_WARN_COMMA = YES;
				CLANG_WARN_CONSTANT_CONVERSION = YES;
				CLANG_WARN_DEPRECATED_OBJC_IMPLEMENTATIONS = YES;
				CLANG_WARN_DIRECT_OBJC_ISA_USAGE = YES_ERROR;
				CLANG_WARN_DOCUMENTATION_COMMENTS = YES;
				CLANG_WARN_EMPTY_BODY = YES;
				CLANG_WARN_ENUM_CONVERSION = YES;
				CLANG_WARN_INFINITE_RECURSION = YES;
				CLANG_WARN_INT_CONVERSION = YES;
				CLANG_WARN_NON_LITERAL_NULL_CONVERSION = YES;
				CLANG_WARN_OBJC_IMPLICIT_RETAIN_SELF = YES;
				CLANG_WARN_OBJC_LITERAL_CONVERSION = YES;
				CLANG_WARN_OBJC_ROOT_CLASS = YES_ERROR;
				CLANG_WARN_RANGE_LOOP_ANALYSIS = YES;
				CLANG_WARN_STRICT_PROTOTYPES = YES;
				CLANG_WARN_SUSPICIOUS_MOVE = YES;
				CLANG_WARN_UNGUARDED_AVAILABILITY = YES_AGGRESSIVE;
				CLANG_WARN_UNREACHABLE_CODE = YES;
				CLANG_WARN__DUPLICATE_METHOD_MATCH = YES;
				COPY_PHASE_STRIP = NO;
				DEBUG_INFORMATION_FORMAT = "dwarf-with-dsym";
				ENABLE_NS_ASSERTIONS = NO;
				ENABLE_STRICT_OBJC_MSGSEND = YES;
				GCC_C_LANGUAGE_STANDARD = gnu11;
				GCC_NO_COMMON_BLOCKS = YES;
				GCC_WARN_64_TO_32_BIT_CONVERSION = YES;
				GCC_WARN_ABOUT_RETURN_TYPE = YES_ERROR;
				GCC_WARN_UNDECLARED_SELECTOR = YES;
				GCC_WARN_UNINITIALIZED_AUTOS = YES_AGGRESSIVE;
				GCC_WARN_UNUSED_FUNCTION = YES;
				GCC_WARN_UNUSED_VARIABLE = YES;
				IPHONEOS_DEPLOYMENT_TARGET = 13.1;
				MTL_ENABLE_DEBUG_INFO = NO;
				MTL_FAST_MATH = YES;
				SDKROOT = iphoneos;
				SWIFT_COMPILATION_MODE = wholemodule;
				SWIFT_OPTIMIZATION_LEVEL = "-O";
				VALIDATE_PRODUCT = YES;
			};
			name = Release;
		};
		D2D602EE23566DE00021488F /* Debug */ = {
			isa = XCBuildConfiguration;
			buildSettings = {
				ASSETCATALOG_COMPILER_APPICON_NAME = AppIcon;
				CODE_SIGN_STYLE = Automatic;
				DEVELOPMENT_TEAM = R9626XDNR3;
				INFOPLIST_FILE = NotificationApp/Info.plist;
				LD_RUNPATH_SEARCH_PATHS = (
					"$(inherited)",
					"@executable_path/Frameworks",
				);
				PRODUCT_BUNDLE_IDENTIFIER = com.Yun.NotificationApp;
				PRODUCT_NAME = "$(TARGET_NAME)";
				SWIFT_VERSION = 5.0;
				TARGETED_DEVICE_FAMILY = "1,2";
			};
			name = Debug;
		};
		D2D602EF23566DE00021488F /* Release */ = {
			isa = XCBuildConfiguration;
			buildSettings = {
				ASSETCATALOG_COMPILER_APPICON_NAME = AppIcon;
				CODE_SIGN_STYLE = Automatic;
				DEVELOPMENT_TEAM = R9626XDNR3;
				INFOPLIST_FILE = NotificationApp/Info.plist;
				LD_RUNPATH_SEARCH_PATHS = (
					"$(inherited)",
					"@executable_path/Frameworks",
				);
				PRODUCT_BUNDLE_IDENTIFIER = com.Yun.NotificationApp;
				PRODUCT_NAME = "$(TARGET_NAME)";
				SWIFT_VERSION = 5.0;
				TARGETED_DEVICE_FAMILY = "1,2";
			};
			name = Release;
		};
/* End XCBuildConfiguration section */

/* Begin XCConfigurationList section */
		D2D602D123566DDA0021488F /* Build configuration list for PBXProject "NotificationApp" */ = {
			isa = XCConfigurationList;
			buildConfigurations = (
				D2D602EB23566DE00021488F /* Debug */,
				D2D602EC23566DE00021488F /* Release */,
			);
			defaultConfigurationIsVisible = 0;
			defaultConfigurationName = Release;
		};
		D2D602ED23566DE00021488F /* Build configuration list for PBXNativeTarget "NotificationApp" */ = {
			isa = XCConfigurationList;
			buildConfigurations = (
				D2D602EE23566DE00021488F /* Debug */,
				D2D602EF23566DE00021488F /* Release */,
			);
			defaultConfigurationIsVisible = 0;
			defaultConfigurationName = Release;
		};
/* End XCConfigurationList section */

/* Begin XCVersionGroup section */
		D2D602E223566DDA0021488F /* NotificationApp.xcdatamodeld */ = {
			isa = XCVersionGroup;
			children = (
				D2D602E323566DDA0021488F /* NotificationApp.xcdatamodel */,
			);
			currentVersion = D2D602E323566DDA0021488F /* NotificationApp.xcdatamodel */;
			path = NotificationApp.xcdatamodeld;
			sourceTree = "<group>";
			versionGroupType = wrapper.xcdatamodel;
		};
/* End XCVersionGroup section */
	};
	rootObject = D2D602CE23566DDA0021488F /* Project object */;
}
